
Microsoft Visual Studio Solution File, Format Version 12.00
# Visual Studio Version 16
VisualStudioVersion = 16.0.31410.357
MinimumVisualStudioVersion = 10.0.40219.1
Project("{FAE04EC0-301F-11D3-BF4B-00C04F79EFBC}") = "RevolveTestDiaryXf", "RevolveTestDiaryXf\RevolveTestDiaryXf.csproj", "{511D9270-990E-423C-B389-AB6D983804FB}"
EndProject
Global
	GlobalSection(SolutionConfigurationPlatforms) = preSolution
		Debug|Any CPU = Debug|Any CPU
		Release|Any CPU = Release|Any CPU
	EndGlobalSection
	GlobalSection(ProjectConfigurationPlatforms) = postSolution
		{511D9270-990E-423C-B389-AB6D983804FB}.Debug|Any CPU.ActiveCfg = Debug|Any CPU
		{511D9270-990E-423C-B389-AB6D983804FB}.Debug|Any CPU.Build.0 = Debug|Any CPU
		{511D9270-990E-423C-B389-AB6D983804FB}.Release|Any CPU.ActiveCfg = Release|Any CPU
		{511D9270-990E-423C-B389-AB6D983804FB}.Release|Any CPU.Build.0 = Release|Any CPU
	EndGlobalSection
	GlobalSection(SolutionProperties) = preSolution
		HideSolutionNode = FALSE
	EndGlobalSection
	GlobalSection(ExtensibilityGlobals) = postSolution
		SolutionGuid = {29101885-2723-46F1-8414-809F36CF2C17}
	EndGlobalSection
EndGlobal
